
Microsoft Visual Studio Solution File, Format Version 12.00
# Visual Studio Version 17
VisualStudioVersion = 17.4.33213.308
MinimumVisualStudioVersion = 10.0.40219.1
Project("{9A19103F-16F7-4668-BE54-9A1E7A4F7556}") = "DogWorkEvaluationSheet", "DogWorkEvaluationSheet\DogWorkEvaluationSheet.csproj", "{2A86D87C-3433-423E-9D47-E4F65D07C1AA}"
EndProject
Project("{2150E333-8FDC-42A3-9474-1A3956D46DE8}") = "Elementy rozwiązania", "Elementy rozwiązania", "{53E20A55-9014-4293-B555-E5853C06F66E}"
EndProject
Project("{FAE04EC0-301F-11D3-BF4B-00C04F79EFBC}") = "DogWorkEvaluationSheet.Tests", "DogWorkEvaluationSheet.Tests\DogWorkEvaluationSheet.Tests.csproj", "{98FA5BD5-7E54-4FC1-A2EE-8155775232CD}"
EndProject
Global
	GlobalSection(SolutionConfigurationPlatforms) = preSolution
		Debug|Any CPU = Debug|Any CPU
		Release|Any CPU = Release|Any CPU
	EndGlobalSection
	GlobalSection(ProjectConfigurationPlatforms) = postSolution
		{2A86D87C-3433-423E-9D47-E4F65D07C1AA}.Debug|Any CPU.ActiveCfg = Debug|Any CPU
		{2A86D87C-3433-423E-9D47-E4F65D07C1AA}.Debug|Any CPU.Build.0 = Debug|Any CPU
		{2A86D87C-3433-423E-9D47-E4F65D07C1AA}.Release|Any CPU.ActiveCfg = Release|Any CPU
		{2A86D87C-3433-423E-9D47-E4F65D07C1AA}.Release|Any CPU.Build.0 = Release|Any CPU
		{98FA5BD5-7E54-4FC1-A2EE-8155775232CD}.Debug|Any CPU.ActiveCfg = Debug|Any CPU
		{98FA5BD5-7E54-4FC1-A2EE-8155775232CD}.Debug|Any CPU.Build.0 = Debug|Any CPU
		{98FA5BD5-7E54-4FC1-A2EE-8155775232CD}.Release|Any CPU.ActiveCfg = Release|Any CPU
		{98FA5BD5-7E54-4FC1-A2EE-8155775232CD}.Release|Any CPU.Build.0 = Release|Any CPU
	EndGlobalSection
	GlobalSection(SolutionProperties) = preSolution
		HideSolutionNode = FALSE
	EndGlobalSection
	GlobalSection(ExtensibilityGlobals) = postSolution
		SolutionGuid = {F7C784B7-4352-4D79-864E-155D25739245}
	EndGlobalSection
EndGlobal
